
Microsoft Visual Studio Solution File, Format Version 12.00
# Visual Studio Version 17
VisualStudioVersion = 17.6.33815.320
MinimumVisualStudioVersion = 10.0.40219.1
Project("{FAE04EC0-301F-11D3-BF4B-00C04F79EFBC}") = "LabModuleEndQues1", "LabModuleEndQues1\LabModuleEndQues1.csproj", "{CF0CFFDB-9338-4369-BBC2-187CE56FBC4F}"
EndProject
Global
	GlobalSection(SolutionConfigurationPlatforms) = preSolution
		Debug|Any CPU = Debug|Any CPU
		Release|Any CPU = Release|Any CPU
	EndGlobalSection
	GlobalSection(ProjectConfigurationPlatforms) = postSolution
		{CF0CFFDB-9338-4369-BBC2-187CE56FBC4F}.Debug|Any CPU.ActiveCfg = Debug|Any CPU
		{CF0CFFDB-9338-4369-BBC2-187CE56FBC4F}.Debug|Any CPU.Build.0 = Debug|Any CPU
		{CF0CFFDB-9338-4369-BBC2-187CE56FBC4F}.Release|Any CPU.ActiveCfg = Release|Any CPU
		{CF0CFFDB-9338-4369-BBC2-187CE56FBC4F}.Release|Any CPU.Build.0 = Release|Any CPU
	EndGlobalSection
	GlobalSection(SolutionProperties) = preSolution
		HideSolutionNode = FALSE
	EndGlobalSection
	GlobalSection(ExtensibilityGlobals) = postSolution
		SolutionGuid = {F6D8C514-4D9A-431B-B2DD-37488C41DDBA}
	EndGlobalSection
EndGlobal
